
Microsoft Visual Studio Solution File, Format Version 12.00
# Visual Studio Version 16
VisualStudioVersion = 16.0.29230.47
MinimumVisualStudioVersion = 10.0.40219.1
Project("{FAE04EC0-301F-11D3-BF4B-00C04F79EFBC}") = "EncryptionService", "EncryptionService.csproj", "{9609F9D1-92B5-46E0-861D-8BBA943256EE}"
EndProject
Global
	GlobalSection(SolutionConfigurationPlatforms) = preSolution
		Debug|Any CPU = Debug|Any CPU
		Release|Any CPU = Release|Any CPU
	EndGlobalSection
	GlobalSection(ProjectConfigurationPlatforms) = postSolution
		{9609F9D1-92B5-46E0-861D-8BBA943256EE}.Debug|Any CPU.ActiveCfg = Debug|Any CPU
		{9609F9D1-92B5-46E0-861D-8BBA943256EE}.Debug|Any CPU.Build.0 = Debug|Any CPU
		{9609F9D1-92B5-46E0-861D-8BBA943256EE}.Release|Any CPU.ActiveCfg = Release|Any CPU
		{9609F9D1-92B5-46E0-861D-8BBA943256EE}.Release|Any CPU.Build.0 = Release|Any CPU
	EndGlobalSection
	GlobalSection(SolutionProperties) = preSolution
		HideSolutionNode = FALSE
	EndGlobalSection
	GlobalSection(ExtensibilityGlobals) = postSolution
		SolutionGuid = {DBA907E3-D09F-4AD4-ACD8-1EE2BB7488B1}
	EndGlobalSection
EndGlobal
